
Microsoft Visual Studio Solution File, Format Version 12.00
# Visual Studio Version 17
VisualStudioVersion = 17.0.31903.59
MinimumVisualStudioVersion = 10.0.40219.1
Project("{2150E333-8FDC-42A3-9474-1A3956D46DE8}") = "src", "src", "{827E0CD3-B72D-47B6-A68D-7590B98EB39B}"
EndProject
Project("{FAE04EC0-301F-11D3-BF4B-00C04F79EFBC}") = "AkashaAutomation.Core", "src\AkashaAutomation.Core\AkashaAutomation.Core.csproj", "{102D994A-27B2-4145-B7D9-F9F3C55DDCAE}"
EndProject
Project("{FAE04EC0-301F-11D3-BF4B-00C04F79EFBC}") = "AkashaAutomation.Features", "src\AkashaAutomation.Features\AkashaAutomation.Features.csproj", "{FBE6CC61-1CE8-46D6-9171-E260D1596B32}"
EndProject
Project("{FAE04EC0-301F-11D3-BF4B-00C04F79EFBC}") = "AkashaAutomation.Worker", "src\AkashaAutomation.Worker\AkashaAutomation.Worker.csproj", "{AEDD90CB-C978-4085-AAA4-0ABFF36F0EE3}"
EndProject
Project("{2150E333-8FDC-42A3-9474-1A3956D46DE8}") = "tests", "tests", "{0AB3BF05-4346-4AA6-1389-037BE0695223}"
EndProject
Project("{FAE04EC0-301F-11D3-BF4B-00C04F79EFBC}") = "AkashaAutomation.Core.Tests", "tests\AkashaAutomation.Core.Tests\AkashaAutomation.Core.Tests.csproj", "{15869B94-1C8E-4554-BF15-DF4F42412610}"
EndProject
Project("{FAE04EC0-301F-11D3-BF4B-00C04F79EFBC}") = "AkashaAutomation.Features.Tests", "tests\AkashaAutomation.Features.Tests\AkashaAutomation.Features.Tests.csproj", "{13823812-6DEB-4019-B4C4-699654EC08D8}"
EndProject
Project("{FAE04EC0-301F-11D3-BF4B-00C04F79EFBC}") = "AkashaAutomation.Worker.IntegrationTests", "tests\AkashaAutomation.Worker.IntegrationTests\AkashaAutomation.Worker.IntegrationTests.csproj", "{F89A09F0-7187-4C51-A496-AEBAD3CE06CC}"
EndProject
Project("{FAE04EC0-301F-11D3-BF4B-00C04F79EFBC}") = "AkashaAutomation.BetterGiPort", "src\AkashaAutomation.BetterGiPort\AkashaAutomation.BetterGiPort.csproj", "{06C8CCC2-B672-4926-86D6-DD920F0AD608}"
EndProject
Project("{FAE04EC0-301F-11D3-BF4B-00C04F79EFBC}") = "AkashaAutomation.BetterGiPort.Tests", "tests\AkashaAutomation.BetterGiPort.Tests\AkashaAutomation.BetterGiPort.Tests.csproj", "{EA111573-9020-42AA-AF33-13A592BAE1E1}"
EndProject
Project("{FAE04EC0-301F-11D3-BF4B-00C04F79EFBC}") = "AkashaAutomation.DevHost", "src\AkashaAutomation.DevHost\AkashaAutomation.DevHost.csproj", "{89C72435-3A1A-4BF4-8220-C2FB6EC946C6}"
EndProject
Project("{FAE04EC0-301F-11D3-BF4B-00C04F79EFBC}") = "AkashaAutomation.LiveTestHost", "src\AkashaAutomation.LiveTestHost\AkashaAutomation.LiveTestHost.csproj", "{8270630D-4936-41E5-A22C-E0CB8C345714}"
EndProject
Global
	GlobalSection(SolutionConfigurationPlatforms) = preSolution
		Debug|Any CPU = Debug|Any CPU
		Debug|x64 = Debug|x64
		Debug|x86 = Debug|x86
		Release|Any CPU = Release|Any CPU
		Release|x64 = Release|x64
		Release|x86 = Release|x86
	EndGlobalSection
	GlobalSection(ProjectConfigurationPlatforms) = postSolution
		{102D994A-27B2-4145-B7D9-F9F3C55DDCAE}.Debug|Any CPU.ActiveCfg = Debug|Any CPU
		{102D994A-27B2-4145-B7D9-F9F3C55DDCAE}.Debug|Any CPU.Build.0 = Debug|Any CPU
		{102D994A-27B2-4145-B7D9-F9F3C55DDCAE}.Debug|x64.ActiveCfg = Debug|Any CPU
		{102D994A-27B2-4145-B7D9-F9F3C55DDCAE}.Debug|x64.Build.0 = Debug|Any CPU
		{102D994A-27B2-4145-B7D9-F9F3C55DDCAE}.Debug|x86.ActiveCfg = Debug|Any CPU
		{102D994A-27B2-4145-B7D9-F9F3C55DDCAE}.Debug|x86.Build.0 = Debug|Any CPU
		{102D994A-27B2-4145-B7D9-F9F3C55DDCAE}.Release|Any CPU.ActiveCfg = Release|Any CPU
		{102D994A-27B2-4145-B7D9-F9F3C55DDCAE}.Release|Any CPU.Build.0 = Release|Any CPU
		{102D994A-27B2-4145-B7D9-F9F3C55DDCAE}.Release|x64.ActiveCfg = Release|Any CPU
		{102D994A-27B2-4145-B7D9-F9F3C55DDCAE}.Release|x64.Build.0 = Release|Any CPU
		{102D994A-27B2-4145-B7D9-F9F3C55DDCAE}.Release|x86.ActiveCfg = Release|Any CPU
		{102D994A-27B2-4145-B7D9-F9F3C55DDCAE}.Release|x86.Build.0 = Release|Any CPU
		{FBE6CC61-1CE8-46D6-9171-E260D1596B32}.Debug|Any CPU.ActiveCfg = Debug|Any CPU
		{FBE6CC61-1CE8-46D6-9171-E260D1596B32}.Debug|Any CPU.Build.0 = Debug|Any CPU
		{FBE6CC61-1CE8-46D6-9171-E260D1596B32}.Debug|x64.ActiveCfg = Debug|Any CPU
		{FBE6CC61-1CE8-46D6-9171-E260D1596B32}.Debug|x64.Build.0 = Debug|Any CPU
		{FBE6CC61-1CE8-46D6-9171-E260D1596B32}.Debug|x86.ActiveCfg = Debug|Any CPU
		{FBE6CC61-1CE8-46D6-9171-E260D1596B32}.Debug|x86.Build.0 = Debug|Any CPU
		{FBE6CC61-1CE8-46D6-9171-E260D1596B32}.Release|Any CPU.ActiveCfg = Release|Any CPU
		{FBE6CC61-1CE8-46D6-9171-E260D1596B32}.Release|Any CPU.Build.0 = Release|Any CPU
		{FBE6CC61-1CE8-46D6-9171-E260D1596B32}.Release|x64.ActiveCfg = Release|Any CPU
		{FBE6CC61-1CE8-46D6-9171-E260D1596B32}.Release|x64.Build.0 = Release|Any CPU
		{FBE6CC61-1CE8-46D6-9171-E260D1596B32}.Release|x86.ActiveCfg = Release|Any CPU
		{FBE6CC61-1CE8-46D6-9171-E260D1596B32}.Release|x86.Build.0 = Release|Any CPU
		{AEDD90CB-C978-4085-AAA4-0ABFF36F0EE3}.Debug|Any CPU.ActiveCfg = Debug|Any CPU
		{AEDD90CB-C978-4085-AAA4-0ABFF36F0EE3}.Debug|Any CPU.Build.0 = Debug|Any CPU
		{AEDD90CB-C978-4085-AAA4-0ABFF36F0EE3}.Debug|x64.ActiveCfg = Debug|Any CPU
		{AEDD90CB-C978-4085-AAA4-0ABFF36F0EE3}.Debug|x64.Build.0 = Debug|Any CPU
		{AEDD90CB-C978-4085-AAA4-0ABFF36F0EE3}.Debug|x86.ActiveCfg = Debug|Any CPU
		{AEDD90CB-C978-4085-AAA4-0ABFF36F0EE3}.Debug|x86.Build.0 = Debug|Any CPU
		{AEDD90CB-C978-4085-AAA4-0ABFF36F0EE3}.Release|Any CPU.ActiveCfg = Release|Any CPU
		{AEDD90CB-C978-4085-AAA4-0ABFF36F0EE3}.Release|Any CPU.Build.0 = Release|Any CPU
		{AEDD90CB-C978-4085-AAA4-0ABFF36F0EE3}.Release|x64.ActiveCfg = Release|Any CPU
		{AEDD90CB-C978-4085-AAA4-0ABFF36F0EE3}.Release|x64.Build.0 = Release|Any CPU
		{AEDD90CB-C978-4085-AAA4-0ABFF36F0EE3}.Release|x86.ActiveCfg = Release|Any CPU
		{AEDD90CB-C978-4085-AAA4-0ABFF36F0EE3}.Release|x86.Build.0 = Release|Any CPU
		{15869B94-1C8E-4554-BF15-DF4F42412610}.Debug|Any CPU.ActiveCfg = Debug|Any CPU
		{15869B94-1C8E-4554-BF15-DF4F42412610}.Debug|Any CPU.Build.0 = Debug|Any CPU
		{15869B94-1C8E-4554-BF15-DF4F42412610}.Debug|x64.ActiveCfg = Debug|Any CPU
		{15869B94-1C8E-4554-BF15-DF4F42412610}.Debug|x64.Build.0 = Debug|Any CPU
		{15869B94-1C8E-4554-BF15-DF4F42412610}.Debug|x86.ActiveCfg = Debug|Any CPU
		{15869B94-1C8E-4554-BF15-DF4F42412610}.Debug|x86.Build.0 = Debug|Any CPU
		{15869B94-1C8E-4554-BF15-DF4F42412610}.Release|Any CPU.ActiveCfg = Release|Any CPU
		{15869B94-1C8E-4554-BF15-DF4F42412610}.Release|Any CPU.Build.0 = Release|Any CPU
		{15869B94-1C8E-4554-BF15-DF4F42412610}.Release|x64.ActiveCfg = Release|Any CPU
		{15869B94-1C8E-4554-BF15-DF4F42412610}.Release|x64.Build.0 = Release|Any CPU
		{15869B94-1C8E-4554-BF15-DF4F42412610}.Release|x86.ActiveCfg = Release|Any CPU
		{15869B94-1C8E-4554-BF15-DF4F42412610}.Release|x86.Build.0 = Release|Any CPU
		{13823812-6DEB-4019-B4C4-699654EC08D8}.Debug|Any CPU.ActiveCfg = Debug|Any CPU
		{13823812-6DEB-4019-B4C4-699654EC08D8}.Debug|Any CPU.Build.0 = Debug|Any CPU
		{13823812-6DEB-4019-B4C4-699654EC08D8}.Debug|x64.ActiveCfg = Debug|Any CPU
		{13823812-6DEB-4019-B4C4-699654EC08D8}.Debug|x64.Build.0 = Debug|Any CPU
		{13823812-6DEB-4019-B4C4-699654EC08D8}.Debug|x86.ActiveCfg = Debug|Any CPU
		{13823812-6DEB-4019-B4C4-699654EC08D8}.Debug|x86.Build.0 = Debug|Any CPU
		{13823812-6DEB-4019-B4C4-699654EC08D8}.Release|Any CPU.ActiveCfg = Release|Any CPU
		{13823812-6DEB-4019-B4C4-699654EC08D8}.Release|Any CPU.Build.0 = Release|Any CPU
		{13823812-6DEB-4019-B4C4-699654EC08D8}.Release|x64.ActiveCfg = Release|Any CPU
		{13823812-6DEB-4019-B4C4-699654EC08D8}.Release|x64.Build.0 = Release|Any CPU
		{13823812-6DEB-4019-B4C4-699654EC08D8}.Release|x86.ActiveCfg = Release|Any CPU
		{13823812-6DEB-4019-B4C4-699654EC08D8}.Release|x86.Build.0 = Release|Any CPU
		{F89A09F0-7187-4C51-A496-AEBAD3CE06CC}.Debug|Any CPU.ActiveCfg = Debug|Any CPU
		{F89A09F0-7187-4C51-A496-AEBAD3CE06CC}.Debug|Any CPU.Build.0 = Debug|Any CPU
		{F89A09F0-7187-4C51-A496-AEBAD3CE06CC}.Debug|x64.ActiveCfg = Debug|Any CPU
		{F89A09F0-7187-4C51-A496-AEBAD3CE06CC}.Debug|x64.Build.0 = Debug|Any CPU
		{F89A09F0-7187-4C51-A496-AEBAD3CE06CC}.Debug|x86.ActiveCfg = Debug|Any CPU
		{F89A09F0-7187-4C51-A496-AEBAD3CE06CC}.Debug|x86.Build.0 = Debug|Any CPU
		{F89A09F0-7187-4C51-A496-AEBAD3CE06CC}.Release|Any CPU.ActiveCfg = Release|Any CPU
		{F89A09F0-7187-4C51-A496-AEBAD3CE06CC}.Release|Any CPU.Build.0 = Release|Any CPU
		{F89A09F0-7187-4C51-A496-AEBAD3CE06CC}.Release|x64.ActiveCfg = Release|Any CPU
		{F89A09F0-7187-4C51-A496-AEBAD3CE06CC}.Release|x64.Build.0 = Release|Any CPU
		{F89A09F0-7187-4C51-A496-AEBAD3CE06CC}.Release|x86.ActiveCfg = Release|Any CPU
		{F89A09F0-7187-4C51-A496-AEBAD3CE06CC}.Release|x86.Build.0 = Release|Any CPU
		{06C8CCC2-B672-4926-86D6-DD920F0AD608}.Debug|Any CPU.ActiveCfg = Debug|x64
		{06C8CCC2-B672-4926-86D6-DD920F0AD608}.Debug|Any CPU.Build.0 = Debug|x64
		{06C8CCC2-B672-4926-86D6-DD920F0AD608}.Debug|x64.ActiveCfg = Debug|x64
		{06C8CCC2-B672-4926-86D6-DD920F0AD608}.Debug|x64.Build.0 = Debug|x64
		{06C8CCC2-B672-4926-86D6-DD920F0AD608}.Debug|x86.ActiveCfg = Debug|x64
		{06C8CCC2-B672-4926-86D6-DD920F0AD608}.Debug|x86.Build.0 = Debug|x64
		{06C8CCC2-B672-4926-86D6-DD920F0AD608}.Release|Any CPU.ActiveCfg = Release|x64
		{06C8CCC2-B672-4926-86D6-DD920F0AD608}.Release|Any CPU.Build.0 = Release|x64
		{06C8CCC2-B672-4926-86D6-DD920F0AD608}.Release|x64.ActiveCfg = Release|x64
		{06C8CCC2-B672-4926-86D6-DD920F0AD608}.Release|x64.Build.0 = Release|x64
		{06C8CCC2-B672-4926-86D6-DD920F0AD608}.Release|x86.ActiveCfg = Release|x64
		{06C8CCC2-B672-4926-86D6-DD920F0AD608}.Release|x86.Build.0 = Release|x64
		{EA111573-9020-42AA-AF33-13A592BAE1E1}.Debug|Any CPU.ActiveCfg = Debug|x64
		{EA111573-9020-42AA-AF33-13A592BAE1E1}.Debug|Any CPU.Build.0 = Debug|x64
		{EA111573-9020-42AA-AF33-13A592BAE1E1}.Debug|x64.ActiveCfg = Debug|x64
		{EA111573-9020-42AA-AF33-13A592BAE1E1}.Debug|x64.Build.0 = Debug|x64
		{EA111573-9020-42AA-AF33-13A592BAE1E1}.Debug|x86.ActiveCfg = Debug|x64
		{EA111573-9020-42AA-AF33-13A592BAE1E1}.Debug|x86.Build.0 = Debug|x64
		{EA111573-9020-42AA-AF33-13A592BAE1E1}.Release|Any CPU.ActiveCfg = Release|x64
		{EA111573-9020-42AA-AF33-13A592BAE1E1}.Release|Any CPU.Build.0 = Release|x64
		{EA111573-9020-42AA-AF33-13A592BAE1E1}.Release|x64.ActiveCfg = Release|x64
		{EA111573-9020-42AA-AF33-13A592BAE1E1}.Release|x64.Build.0 = Release|x64
		{EA111573-9020-42AA-AF33-13A592BAE1E1}.Release|x86.ActiveCfg = Release|x64
		{EA111573-9020-42AA-AF33-13A592BAE1E1}.Release|x86.Build.0 = Release|x64
		{89C72435-3A1A-4BF4-8220-C2FB6EC946C6}.Debug|Any CPU.ActiveCfg = Debug|x64
		{89C72435-3A1A-4BF4-8220-C2FB6EC946C6}.Debug|Any CPU.Build.0 = Debug|x64
		{89C72435-3A1A-4BF4-8220-C2FB6EC946C6}.Debug|x64.ActiveCfg = Debug|x64
		{89C72435-3A1A-4BF4-8220-C2FB6EC946C6}.Debug|x64.Build.0 = Debug|x64
		{89C72435-3A1A-4BF4-8220-C2FB6EC946C6}.Debug|x86.ActiveCfg = Debug|x64
		{89C72435-3A1A-4BF4-8220-C2FB6EC946C6}.Debug|x86.Build.0 = Debug|x64
		{89C72435-3A1A-4BF4-8220-C2FB6EC946C6}.Release|Any CPU.ActiveCfg = Release|x64
		{89C72435-3A1A-4BF4-8220-C2FB6EC946C6}.Release|Any CPU.Build.0 = Release|x64
		{89C72435-3A1A-4BF4-8220-C2FB6EC946C6}.Release|x64.ActiveCfg = Release|x64
		{89C72435-3A1A-4BF4-8220-C2FB6EC946C6}.Release|x64.Build.0 = Release|x64
		{89C72435-3A1A-4BF4-8220-C2FB6EC946C6}.Release|x86.ActiveCfg = Release|x64
		{89C72435-3A1A-4BF4-8220-C2FB6EC946C6}.Release|x86.Build.0 = Release|x64
		{8270630D-4936-41E5-A22C-E0CB8C345714}.Debug|Any CPU.ActiveCfg = Debug|x64
		{8270630D-4936-41E5-A22C-E0CB8C345714}.Debug|Any CPU.Build.0 = Debug|x64
		{8270630D-4936-41E5-A22C-E0CB8C345714}.Debug|x64.ActiveCfg = Debug|x64
		{8270630D-4936-41E5-A22C-E0CB8C345714}.Debug|x64.Build.0 = Debug|x64
		{8270630D-4936-41E5-A22C-E0CB8C345714}.Debug|x86.ActiveCfg = Debug|x64
		{8270630D-4936-41E5-A22C-E0CB8C345714}.Debug|x86.Build.0 = Debug|x64
		{8270630D-4936-41E5-A22C-E0CB8C345714}.Release|Any CPU.ActiveCfg = Release|x64
		{8270630D-4936-41E5-A22C-E0CB8C345714}.Release|Any CPU.Build.0 = Release|x64
		{8270630D-4936-41E5-A22C-E0CB8C345714}.Release|x64.ActiveCfg = Release|x64
		{8270630D-4936-41E5-A22C-E0CB8C345714}.Release|x64.Build.0 = Release|x64
		{8270630D-4936-41E5-A22C-E0CB8C345714}.Release|x86.ActiveCfg = Release|x64
		{8270630D-4936-41E5-A22C-E0CB8C345714}.Release|x86.Build.0 = Release|x64
	EndGlobalSection
	GlobalSection(SolutionProperties) = preSolution
		HideSolutionNode = FALSE
	EndGlobalSection
	GlobalSection(NestedProjects) = preSolution
		{102D994A-27B2-4145-B7D9-F9F3C55DDCAE} = {827E0CD3-B72D-47B6-A68D-7590B98EB39B}
		{FBE6CC61-1CE8-46D6-9171-E260D1596B32} = {827E0CD3-B72D-47B6-A68D-7590B98EB39B}
		{AEDD90CB-C978-4085-AAA4-0ABFF36F0EE3} = {827E0CD3-B72D-47B6-A68D-7590B98EB39B}
		{15869B94-1C8E-4554-BF15-DF4F42412610} = {0AB3BF05-4346-4AA6-1389-037BE0695223}
		{13823812-6DEB-4019-B4C4-699654EC08D8} = {0AB3BF05-4346-4AA6-1389-037BE0695223}
		{F89A09F0-7187-4C51-A496-AEBAD3CE06CC} = {0AB3BF05-4346-4AA6-1389-037BE0695223}
		{06C8CCC2-B672-4926-86D6-DD920F0AD608} = {827E0CD3-B72D-47B6-A68D-7590B98EB39B}
		{EA111573-9020-42AA-AF33-13A592BAE1E1} = {0AB3BF05-4346-4AA6-1389-037BE0695223}
		{89C72435-3A1A-4BF4-8220-C2FB6EC946C6} = {827E0CD3-B72D-47B6-A68D-7590B98EB39B}
		{8270630D-4936-41E5-A22C-E0CB8C345714} = {827E0CD3-B72D-47B6-A68D-7590B98EB39B}
	EndGlobalSection
EndGlobal
